833899c6c5fb7467  tests/01-erste-schritte.spec.ts
eb1f6b63b2340526  tests/02-grundbegriffe-und-datenmodell-video.spec.ts
f1a3d0c6a95b9b5c  tests/02-grundbegriffe-und-datenmodell.spec.ts
b5cef3df86163968  tests/03-wiederkehrende-bedienelemente-video.spec.ts
8db80879f414dfbc  tests/04-dashboard.spec.ts
07661b20d8c20feb  tests/05-karte-video.spec.ts
74998375cd9a63c2  tests/05-karte.spec.ts
142e1626b38703fd  tests/06-stoerungsanalyse-video.spec.ts
757328c751ea862a  tests/06-stoerungsanalyse.spec.ts
d599a1728e8f0027  tests/07-nachverdichtung-video.spec.ts
fdf47f0795e1d7d1  tests/07-nachverdichtung.spec.ts
054c55509940f284  tests/08-leitungsauskunft-video.spec.ts
ff7920c0b29d6917  tests/08-leitungsauskunft.spec.ts
5d9e053ebd4c62b9  tests/09-wertermittlung-video.spec.ts
7cc1c5f1d3e3b511  tests/09-wertermittlung.spec.ts
b8d612baf000aeef  tests/10-rohrverwaltung-video.spec.ts
900076184514844e  tests/10-rohrverwaltung.spec.ts
63b5794c18e9297f  tests/11-rohrzuordnung-video.spec.ts
0715f7ca362ee229  tests/11-rohrzuordnung.spec.ts
6fc62f278251c93f  tests/12-rohrverzweigung-video.spec.ts
de10611582afaf06  tests/12-rohrverzweigung.spec.ts
e9c8569c50b14d0c  tests/13-mikrorohre-video.spec.ts
c2fac641f7a2bcd3  tests/13-mikrorohre.spec.ts
0b0713f5b5e12384  tests/14-netzschema-video.spec.ts
3c9cbe90cf5ebb26  tests/14-netzschema.spec.ts
44a784699b961535  tests/15-faserweg.spec.ts
dd25b5df1f4b5da3  tests/16-adressen-video.spec.ts
2168eb9686e471a1  tests/16-adressen.spec.ts
3ecf71361bebc0a8  tests/17-einstellungen-video.spec.ts
9f532af4bf80c544  tests/17-einstellungen.spec.ts
4190741674216913  tests/18-wenn-etwas-nicht-funktioniert-video.spec.ts
2827f5dd5e3ba4b4  tests/18-wenn-etwas-nicht-funktioniert.spec.ts
1bf8bfa87c774969  tests/19-rollen-und-rechte.spec.ts
bd340702b630c68a  tests/20-administrationsbereich.spec.ts
