6eecf05bd0611333  tests/01-erste-schritte.spec.ts
43fc3e9738c06e38  tests/02-grundbegriffe-und-datenmodell-video.spec.ts
9459f7d957d27268  tests/02-grundbegriffe-und-datenmodell.spec.ts
d58bdeff0271c507  tests/03-wiederkehrende-bedienelemente-video.spec.ts
c7c6b0e6f37648cf  tests/04-dashboard.spec.ts
d45924186085cf90  tests/05-karte-video.spec.ts
b3662a528e5242cd  tests/05-karte.spec.ts
e6b207caf3cc56be  tests/06-stoerungsanalyse-video.spec.ts
ff273084783c85dd  tests/06-stoerungsanalyse.spec.ts
89d60d32d2f51ca3  tests/07-nachverdichtung-video.spec.ts
f2dc84cbe6e51244  tests/07-nachverdichtung.spec.ts
422b718018819c0c  tests/08-leitungsauskunft-video.spec.ts
dcf7fb9d5f0ec3ce  tests/08-leitungsauskunft.spec.ts
3a8b06d8612c19a4  tests/09-wertermittlung-video.spec.ts
4fb6eaa0597ccc93  tests/09-wertermittlung.spec.ts
820160c45d0ee41a  tests/10-rohrverwaltung-video.spec.ts
5b10348fa388607c  tests/10-rohrverwaltung.spec.ts
24e6a5b8c854e04b  tests/11-rohrzuordnung-video.spec.ts
c6844e74ed1d74d6  tests/11-rohrzuordnung.spec.ts
af0aa2b81ca23066  tests/12-rohrverzweigung-video.spec.ts
8ddf95d51a3e4884  tests/12-rohrverzweigung.spec.ts
9bdef499b0a37273  tests/13-mikrorohre-video.spec.ts
30cd0106aa1b987a  tests/13-mikrorohre.spec.ts
e96d8ce3b4b7cd78  tests/14-netzschema-video.spec.ts
e049b8d79fb7b8dc  tests/14-netzschema.spec.ts
c4e962a4ecc054f6  tests/15-faserweg.spec.ts
25532f6e96bad626  tests/16-adressen-video.spec.ts
e6ef52d535dba8bf  tests/16-adressen.spec.ts
bb64a67332023cfe  tests/17-einstellungen-video.spec.ts
68c2352cea0330cd  tests/17-einstellungen.spec.ts
54a137d80af8aaca  tests/18-wenn-etwas-nicht-funktioniert-video.spec.ts
6ef6c09aef7d0dad  tests/18-wenn-etwas-nicht-funktioniert.spec.ts
