c64f82a50bd83ca7  tests/01-erste-schritte.spec.ts
5204456404e32940  tests/02-grundbegriffe-und-datenmodell-video.spec.ts
b712e6c8bc5f2502  tests/02-grundbegriffe-und-datenmodell.spec.ts
e15fe04c7346e94f  tests/03-wiederkehrende-bedienelemente-video.spec.ts
ae1b51f75db06da8  tests/04-dashboard.spec.ts
63c7c67aa6a35360  tests/05-karte-video.spec.ts
5e517bab2fe45169  tests/05-karte.spec.ts
1c4a6bd51e67c9a1  tests/06-stoerungsanalyse-video.spec.ts
23e9165777deb311  tests/06-stoerungsanalyse.spec.ts
3d6cb603ced54050  tests/07-nachverdichtung-video.spec.ts
0307c1cfaa8cbb13  tests/07-nachverdichtung.spec.ts
8e42a760547c9545  tests/08-leitungsauskunft-video.spec.ts
9d23916d1f9a8a5a  tests/08-leitungsauskunft.spec.ts
1dffbdc78ffad981  tests/09-wertermittlung-video.spec.ts
1deaa56b331a9074  tests/09-wertermittlung.spec.ts
751bc2c07c31a6d0  tests/10-rohrverwaltung-video.spec.ts
20d9a2895c8336d4  tests/10-rohrverwaltung.spec.ts
2f3d9e2d8952b5c1  tests/11-rohrzuordnung-video.spec.ts
7feb4847215db8b3  tests/11-rohrzuordnung.spec.ts
f7cdf7a92b0a1a0c  tests/12-rohrverzweigung-video.spec.ts
9933c8131ce58d2a  tests/12-rohrverzweigung.spec.ts
7daed1ff26197ed8  tests/13-mikrorohre-video.spec.ts
d0cbbf5e40a58ee7  tests/13-mikrorohre.spec.ts
75a82bbef76ae774  tests/14-netzschema-video.spec.ts
0f36175301b355f9  tests/14-netzschema.spec.ts
cd22a17f42784c8e  tests/15-faserweg.spec.ts
bf9d0907e496b649  tests/16-adressen-video.spec.ts
8473e578807e7240  tests/16-adressen.spec.ts
69e48223aef7dc08  tests/17-einstellungen-video.spec.ts
deda32f971b2b004  tests/17-einstellungen.spec.ts
77ddcfdbb35bcd81  tests/18-wenn-etwas-nicht-funktioniert-video.spec.ts
deace9e40671671b  tests/18-wenn-etwas-nicht-funktioniert.spec.ts
