f3ce605fb69cd58aa24df9dfcfc59f53fd1cea5ed8251541232bc985ebfb9a95  public/videos/address_unit_add.webm
cc382fbf1fa9b0263893ccedef4f3d9ab2061b60487c8ebcd5f02aefdf96208f  public/videos/compaction_search.webm
fbb2b0b4604b4b72100d77545ce5978c549530480a9e24cd98f0fd7137eeb962  public/videos/conduit_add.webm
e151b7d24d6fb34e0e8fc0d77d74d495270b806a4db4c757a87a599ede5a43cf  public/videos/conduit_connection_map_find.webm
327b3559427bd457d5b5599aa8a4dcb88ac35b0d8a1547a3c942f224c2e9599d  public/videos/conduit_connection_map_selection.webm
3da4cbd3892649e3a6dee91d2394aa0bfea69f6a989e34b0d96e66d0660aa4af  public/videos/conduit_connection_routing.webm
8ae450dcf4028c22823c84b33d4c32c910008ea8a8cbe195179063b044b5b5a3  public/videos/error_permission.webm
4b7fb8b0b0e821230da66f571ce7702d1366c27ee9eb779eda1bc922cd3437a5  public/videos/fault_simulation.webm
ac900f302d2c62ffc60066985dccfff7eff8335bee81aec1d7c3bccd84698282  public/videos/map_attachment.webm
4db1bc88553622ae5545b1df36704a3843890527ceb3a98dbd8c8fd4f219002e  public/videos/map_measure.webm
a312ec059ed531d820453469c56a772bf4a8016cb0950912fb051ada5456d890  public/videos/microduct_assign.webm
5d31151796c50e307922eb80fd6b3793fea13e27eac616d0b599c2188f106d39  public/videos/model_node_component.webm
34807e6b7a7a6f5781ed3b2e6f99b13f1e24398690dc6de61a16cff397f30f76  public/videos/pipe_branch_auto_connect.webm
58b23371edc9d8bd910fed669c7d8deed024a6294a7d6c0add90bb08e88ce0c7  public/videos/pipe_branch_connect.webm
77377959ad9bdcbc198a5f6d9c7fbe042fb21f19d4287c53ce32f8e10c63f7ca  public/videos/records_inquiry_draw.webm
cde9ccd0d15697bd8272c81cf9fc55851d4e168a3e54068fef8cfb7f5560b55e  public/videos/schema_cable_connect.webm
02a72da1dd57b7bd38bacbd9cb4ff8df76557bc8a9976b5fc1a6dd73908c44ff  public/videos/schema_cable_path.webm
b66d37bc2a8e564071487b56193acce22124d95543f1d6de0662a79b4e17546a  public/videos/schema_splice_drag.webm
a8a00b08d29c1f49192a31ce5e6226dfdac19cbb89fd5b15b8e0aa8f61fea353  public/videos/settings_style_reset.webm
7d0bd42d3ef81f3c4d179e8e794f0a528c7c3429057ca804d0a8321415824c8d  public/videos/valuation_area_select.webm
